
Microsoft Visual Studio Solution File, Format Version 12.00
# Visual Studio Version 17
VisualStudioVersion = 17.3.32929.385
MinimumVisualStudioVersion = 10.0.40219.1
Project("{9A19103F-16F7-4668-BE54-9A1E7A4F7556}") = "Task02_3", "Task02_3\Task02_3.csproj", "{F6E4A347-8070-4D59-96D0-3AAA52A7484C}"
EndProject
Project("{9A19103F-16F7-4668-BE54-9A1E7A4F7556}") = "CustomLogger", "CustomLogger\CustomLogger.csproj", "{44A36B19-C86B-46C4-94FE-3406C5BB7E56}"
EndProject
Project("{9A19103F-16F7-4668-BE54-9A1E7A4F7556}") = "TextListener", "TextListener\TextListener.csproj", "{E61CD76B-856C-45AF-90EA-8FA4825727B8}"
EndProject
Project("{9A19103F-16F7-4668-BE54-9A1E7A4F7556}") = "WordListener", "WordListener\WordListener.csproj", "{6C7E8B57-6124-4794-AE17-B5241950257E}"
EndProject
Project("{9A19103F-16F7-4668-BE54-9A1E7A4F7556}") = "EventLogListener", "EventLogListener\EventLogListener.csproj", "{5B8CE38D-36A2-48EC-80D9-7CF778283834}"
EndProject
Global
	GlobalSection(SolutionConfigurationPlatforms) = preSolution
		Debug|x64 = Debug|x64
		Release|x64 = Release|x64
	EndGlobalSection
	GlobalSection(ProjectConfigurationPlatforms) = postSolution
		{F6E4A347-8070-4D59-96D0-3AAA52A7484C}.Debug|x64.ActiveCfg = Debug|Any CPU
		{F6E4A347-8070-4D59-96D0-3AAA52A7484C}.Debug|x64.Build.0 = Debug|Any CPU
		{F6E4A347-8070-4D59-96D0-3AAA52A7484C}.Release|x64.ActiveCfg = Release|Any CPU
		{F6E4A347-8070-4D59-96D0-3AAA52A7484C}.Release|x64.Build.0 = Release|Any CPU
		{44A36B19-C86B-46C4-94FE-3406C5BB7E56}.Debug|x64.ActiveCfg = Debug|Any CPU
		{44A36B19-C86B-46C4-94FE-3406C5BB7E56}.Debug|x64.Build.0 = Debug|Any CPU
		{44A36B19-C86B-46C4-94FE-3406C5BB7E56}.Release|x64.ActiveCfg = Release|Any CPU
		{44A36B19-C86B-46C4-94FE-3406C5BB7E56}.Release|x64.Build.0 = Release|Any CPU
		{E61CD76B-856C-45AF-90EA-8FA4825727B8}.Debug|x64.ActiveCfg = Debug|Any CPU
		{E61CD76B-856C-45AF-90EA-8FA4825727B8}.Debug|x64.Build.0 = Debug|Any CPU
		{E61CD76B-856C-45AF-90EA-8FA4825727B8}.Release|x64.ActiveCfg = Release|Any CPU
		{E61CD76B-856C-45AF-90EA-8FA4825727B8}.Release|x64.Build.0 = Release|Any CPU
		{6C7E8B57-6124-4794-AE17-B5241950257E}.Debug|x64.ActiveCfg = Debug|Any CPU
		{6C7E8B57-6124-4794-AE17-B5241950257E}.Debug|x64.Build.0 = Debug|Any CPU
		{6C7E8B57-6124-4794-AE17-B5241950257E}.Release|x64.ActiveCfg = Release|Any CPU
		{6C7E8B57-6124-4794-AE17-B5241950257E}.Release|x64.Build.0 = Release|Any CPU
		{5B8CE38D-36A2-48EC-80D9-7CF778283834}.Debug|x64.ActiveCfg = Debug|Any CPU
		{5B8CE38D-36A2-48EC-80D9-7CF778283834}.Debug|x64.Build.0 = Debug|Any CPU
		{5B8CE38D-36A2-48EC-80D9-7CF778283834}.Release|x64.ActiveCfg = Release|Any CPU
		{5B8CE38D-36A2-48EC-80D9-7CF778283834}.Release|x64.Build.0 = Release|Any CPU
	EndGlobalSection
	GlobalSection(SolutionProperties) = preSolution
		HideSolutionNode = FALSE
	EndGlobalSection
	GlobalSection(ExtensibilityGlobals) = postSolution
		SolutionGuid = {BD31C2A2-21A0-41C6-A77D-3FDC668B3487}
	EndGlobalSection
EndGlobal
